{
  "object": {
    "pins": [
      {
        "package": "monocypher-swift",
        "repositoryURL": "https://github.com/nixberg/monocypher-swift",
        "state": {
          "branch": null,
          "revision": "88664aad3cea91a0b5072beb4f0061695d507ec2",
          "version": "0.0.2"
        }
      }
    ]
  },
  "version": 1
}
