{
  "object": {
    "pins": [
      {
        "package": "Gimli",
        "repositoryURL": "https://github.com/nixberg/Gimli",
        "state": {
          "branch": null,
          "revision": "2d972461e466655489a5dfd13810eb662f9db2d0",
          "version": "0.0.0"
        }
      },
      {
        "package": "GStrobe",
        "repositoryURL": "https://github.com/nixberg/GStrobe",
        "state": {
          "branch": null,
          "revision": "33b24a9bd0d7e8667d8c152db450ce860ac93a5d",
          "version": "0.0.0"
        }
      },
      {
        "package": "monocypher-swift",
        "repositoryURL": "https://github.com/nixberg/monocypher-swift",
        "state": {
          "branch": null,
          "revision": "8707508c80d2a1b705338702cf189ca05320710f",
          "version": "0.0.1"
        }
      }
    ]
  },
  "version": 1
}
